
Microsoft Visual Studio Solution File, Format Version 12.00
# Visual Studio Version 17
VisualStudioVersion = 17.13.35825.156
MinimumVisualStudioVersion = 10.0.40219.1
Project("{FAE04EC0-301F-11D3-BF4B-00C04F79EFBC}") = "API", "API\API.csproj", "{19625DD7-90B6-48E4-9662-37C387A33455}"
EndProject
Project("{FAE04EC0-301F-11D3-BF4B-00C04F79EFBC}") = "Application", "Application\Application.csproj", "{123DCA50-F9E5-4668-8D5C-34225A2E75AB}"
EndProject
Project("{FAE04EC0-301F-11D3-BF4B-00C04F79EFBC}") = "Domain", "Domain\Domain.csproj", "{C8C9DD28-DF22-4CF6-9298-0F25D938C5A8}"
EndProject
Project("{FAE04EC0-301F-11D3-BF4B-00C04F79EFBC}") = "Infrastructure", "Infrastructure\Infrastructure.csproj", "{6F3C841B-D050-45DA-8706-CE820788743E}"
EndProject
Project("{FAE04EC0-301F-11D3-BF4B-00C04F79EFBC}") = "Tests", "Tests\Tests.csproj", "{C8F6E0B2-4896-4A40-B653-167B0E1EB9F6}"
EndProject
Global
	GlobalSection(SolutionConfigurationPlatforms) = preSolution
		Debug|Any CPU = Debug|Any CPU
		Release|Any CPU = Release|Any CPU
	EndGlobalSection
	GlobalSection(ProjectConfigurationPlatforms) = postSolution
		{19625DD7-90B6-48E4-9662-37C387A33455}.Debug|Any CPU.ActiveCfg = Debug|Any CPU
		{19625DD7-90B6-48E4-9662-37C387A33455}.Debug|Any CPU.Build.0 = Debug|Any CPU
		{19625DD7-90B6-48E4-9662-37C387A33455}.Release|Any CPU.ActiveCfg = Release|Any CPU
		{19625DD7-90B6-48E4-9662-37C387A33455}.Release|Any CPU.Build.0 = Release|Any CPU
		{123DCA50-F9E5-4668-8D5C-34225A2E75AB}.Debug|Any CPU.ActiveCfg = Debug|Any CPU
		{123DCA50-F9E5-4668-8D5C-34225A2E75AB}.Debug|Any CPU.Build.0 = Debug|Any CPU
		{123DCA50-F9E5-4668-8D5C-34225A2E75AB}.Release|Any CPU.ActiveCfg = Release|Any CPU
		{123DCA50-F9E5-4668-8D5C-34225A2E75AB}.Release|Any CPU.Build.0 = Release|Any CPU
		{C8C9DD28-DF22-4CF6-9298-0F25D938C5A8}.Debug|Any CPU.ActiveCfg = Debug|Any CPU
		{C8C9DD28-DF22-4CF6-9298-0F25D938C5A8}.Debug|Any CPU.Build.0 = Debug|Any CPU
		{C8C9DD28-DF22-4CF6-9298-0F25D938C5A8}.Release|Any CPU.ActiveCfg = Release|Any CPU
		{C8C9DD28-DF22-4CF6-9298-0F25D938C5A8}.Release|Any CPU.Build.0 = Release|Any CPU
		{6F3C841B-D050-45DA-8706-CE820788743E}.Debug|Any CPU.ActiveCfg = Debug|Any CPU
		{6F3C841B-D050-45DA-8706-CE820788743E}.Debug|Any CPU.Build.0 = Debug|Any CPU
		{6F3C841B-D050-45DA-8706-CE820788743E}.Release|Any CPU.ActiveCfg = Release|Any CPU
		{6F3C841B-D050-45DA-8706-CE820788743E}.Release|Any CPU.Build.0 = Release|Any CPU
		{C8F6E0B2-4896-4A40-B653-167B0E1EB9F6}.Debug|Any CPU.ActiveCfg = Debug|Any CPU
		{C8F6E0B2-4896-4A40-B653-167B0E1EB9F6}.Debug|Any CPU.Build.0 = Debug|Any CPU
		{C8F6E0B2-4896-4A40-B653-167B0E1EB9F6}.Release|Any CPU.ActiveCfg = Release|Any CPU
		{C8F6E0B2-4896-4A40-B653-167B0E1EB9F6}.Release|Any CPU.Build.0 = Release|Any CPU
	EndGlobalSection
	GlobalSection(SolutionProperties) = preSolution
		HideSolutionNode = FALSE
	EndGlobalSection
	GlobalSection(ExtensibilityGlobals) = postSolution
		SolutionGuid = {02B663B5-94D4-4024-910A-E5CAF07B9F12}
	EndGlobalSection
EndGlobal
